{
    "name": "custom-shell",
    "version": "1.0.0",
    "lockfileVersion": 3,
    "requires": true,
    "packages": {
        "": {
            "name": "custom-shell",
            "version": "1.0.0",
            "license": "MIT",
            "bin": {
                "mysh": "bin/shell.js"
            }
        }
    }
}
